
Microsoft Visual Studio Solution File, Format Version 12.00
# Visual Studio Version 17
VisualStudioVersion = 17.10.34928.147
MinimumVisualStudioVersion = 10.0.40219.1
Project("{FAE04EC0-301F-11D3-BF4B-00C04F79EFBC}") = "E-CommerceStore", "E-CommerceStore.csproj", "{D71C99C1-68C6-4E63-B386-D86CC67C04C6}"
EndProject
Project("{FAE04EC0-301F-11D3-BF4B-00C04F79EFBC}") = "DataAccessLayer", "..\DataAccessLayer\DataAccessLayer.csproj", "{17B73ECC-370A-4EB6-9C94-EF170D3F9CB9}"
EndProject
Project("{FAE04EC0-301F-11D3-BF4B-00C04F79EFBC}") = "BusinessAccessLayer", "..\BusinessLogicLayer\BusinessAccessLayer.csproj", "{6F6B6EB4-DEE1-4301-B221-2EB282EAC83F}"
EndProject
Global
	GlobalSection(SolutionConfigurationPlatforms) = preSolution
		Debug|Any CPU = Debug|Any CPU
		Release|Any CPU = Release|Any CPU
	EndGlobalSection
	GlobalSection(ProjectConfigurationPlatforms) = postSolution
		{D71C99C1-68C6-4E63-B386-D86CC67C04C6}.Debug|Any CPU.ActiveCfg = Debug|Any CPU
		{D71C99C1-68C6-4E63-B386-D86CC67C04C6}.Debug|Any CPU.Build.0 = Debug|Any CPU
		{D71C99C1-68C6-4E63-B386-D86CC67C04C6}.Release|Any CPU.ActiveCfg = Release|Any CPU
		{D71C99C1-68C6-4E63-B386-D86CC67C04C6}.Release|Any CPU.Build.0 = Release|Any CPU
		{17B73ECC-370A-4EB6-9C94-EF170D3F9CB9}.Debug|Any CPU.ActiveCfg = Debug|Any CPU
		{17B73ECC-370A-4EB6-9C94-EF170D3F9CB9}.Debug|Any CPU.Build.0 = Debug|Any CPU
		{17B73ECC-370A-4EB6-9C94-EF170D3F9CB9}.Release|Any CPU.ActiveCfg = Release|Any CPU
		{17B73ECC-370A-4EB6-9C94-EF170D3F9CB9}.Release|Any CPU.Build.0 = Release|Any CPU
		{6F6B6EB4-DEE1-4301-B221-2EB282EAC83F}.Debug|Any CPU.ActiveCfg = Debug|Any CPU
		{6F6B6EB4-DEE1-4301-B221-2EB282EAC83F}.Debug|Any CPU.Build.0 = Debug|Any CPU
		{6F6B6EB4-DEE1-4301-B221-2EB282EAC83F}.Release|Any CPU.ActiveCfg = Release|Any CPU
		{6F6B6EB4-DEE1-4301-B221-2EB282EAC83F}.Release|Any CPU.Build.0 = Release|Any CPU
	EndGlobalSection
	GlobalSection(SolutionProperties) = preSolution
		HideSolutionNode = FALSE
	EndGlobalSection
	GlobalSection(ExtensibilityGlobals) = postSolution
		SolutionGuid = {ADD11344-24FB-4E42-B571-86DEEDB8BB2C}
	EndGlobalSection
EndGlobal
